
Microsoft Visual Studio Solution File, Format Version 11.00
# Visual Studio 2010
Project("{FAE04EC0-301F-11D3-BF4B-00C04F79EFBC}") = "B450_Labview_V3_NIBP", "B450_Labview_V3_NIBP.csproj", "{00D681CE-3954-4BB7-B0C1-0124180FBF73}"
EndProject
Global
	GlobalSection(SolutionConfigurationPlatforms) = preSolution
		Debug|Any CPU = Debug|Any CPU
		Release|Any CPU = Release|Any CPU
	EndGlobalSection
	GlobalSection(ProjectConfigurationPlatforms) = postSolution
		{00D681CE-3954-4BB7-B0C1-0124180FBF73}.Debug|Any CPU.ActiveCfg = Debug|Any CPU
		{00D681CE-3954-4BB7-B0C1-0124180FBF73}.Debug|Any CPU.Build.0 = Debug|Any CPU
		{00D681CE-3954-4BB7-B0C1-0124180FBF73}.Release|Any CPU.ActiveCfg = Release|Any CPU
		{00D681CE-3954-4BB7-B0C1-0124180FBF73}.Release|Any CPU.Build.0 = Release|Any CPU
	EndGlobalSection
	GlobalSection(SolutionProperties) = preSolution
		HideSolutionNode = FALSE
	EndGlobalSection
EndGlobal
